
Microsoft Visual Studio Solution File, Format Version 10.00
# Visual Studio 2008
Project("{8BC9CEB8-8B4A-11D0-8D11-00A0C91BC942}") = "infix", "infix.vcproj", "{BCECE2EC-9D7D-4096-AAF7-A9C41E659D49}"
EndProject
Global
	GlobalSection(SolutionConfigurationPlatforms) = preSolution
		Debug|Win32 = Debug|Win32
		Release|Win32 = Release|Win32
	EndGlobalSection
	GlobalSection(ProjectConfigurationPlatforms) = postSolution
		{BCECE2EC-9D7D-4096-AAF7-A9C41E659D49}.Debug|Win32.ActiveCfg = Debug|Win32
		{BCECE2EC-9D7D-4096-AAF7-A9C41E659D49}.Debug|Win32.Build.0 = Debug|Win32
		{BCECE2EC-9D7D-4096-AAF7-A9C41E659D49}.Release|Win32.ActiveCfg = Release|Win32
		{BCECE2EC-9D7D-4096-AAF7-A9C41E659D49}.Release|Win32.Build.0 = Release|Win32
	EndGlobalSection
	GlobalSection(SolutionProperties) = preSolution
		HideSolutionNode = FALSE
	EndGlobalSection
EndGlobal
