
Microsoft Visual Studio Solution File, Format Version 10.00
# Visual Studio 2008
Project("{8BC9CEB8-8B4A-11D0-8D11-00A0C91BC942}") = "BinarySearchTree", "BinarySearchTree.vcproj", "{0B53398C-599D-4164-86E0-341DCA64F115}"
EndProject
Global
	GlobalSection(SolutionConfigurationPlatforms) = preSolution
		Debug|Win32 = Debug|Win32
		Release|Win32 = Release|Win32
	EndGlobalSection
	GlobalSection(ProjectConfigurationPlatforms) = postSolution
		{0B53398C-599D-4164-86E0-341DCA64F115}.Debug|Win32.ActiveCfg = Debug|Win32
		{0B53398C-599D-4164-86E0-341DCA64F115}.Debug|Win32.Build.0 = Debug|Win32
		{0B53398C-599D-4164-86E0-341DCA64F115}.Release|Win32.ActiveCfg = Release|Win32
		{0B53398C-599D-4164-86E0-341DCA64F115}.Release|Win32.Build.0 = Release|Win32
	EndGlobalSection
	GlobalSection(SolutionProperties) = preSolution
		HideSolutionNode = FALSE
	EndGlobalSection
EndGlobal
